
Microsoft Visual Studio Solution File, Format Version 12.00
# Visual Studio 2013
VisualStudioVersion = 12.0.30501.0
MinimumVisualStudioVersion = 10.0.40219.1
Project("{FAE04EC0-301F-11D3-BF4B-00C04F79EFBC}") = "MyTetris", "MyTetris\MyTetris.csproj", "{AAD30A63-63D6-4E53-852B-86E57D67FAB1}"
EndProject
Project("{FAE04EC0-301F-11D3-BF4B-00C04F79EFBC}") = "UtilityLib", "UtilityLib\UtilityLib.csproj", "{471E0ACC-98F4-4D24-9AD9-DAE5C2ACD016}"
EndProject
Global
	GlobalSection(SolutionConfigurationPlatforms) = preSolution
		Debug|Any CPU = Debug|Any CPU
		Release|Any CPU = Release|Any CPU
	EndGlobalSection
	GlobalSection(ProjectConfigurationPlatforms) = postSolution
		{AAD30A63-63D6-4E53-852B-86E57D67FAB1}.Debug|Any CPU.ActiveCfg = Debug|Any CPU
		{AAD30A63-63D6-4E53-852B-86E57D67FAB1}.Debug|Any CPU.Build.0 = Debug|Any CPU
		{AAD30A63-63D6-4E53-852B-86E57D67FAB1}.Release|Any CPU.ActiveCfg = Release|Any CPU
		{AAD30A63-63D6-4E53-852B-86E57D67FAB1}.Release|Any CPU.Build.0 = Release|Any CPU
		{471E0ACC-98F4-4D24-9AD9-DAE5C2ACD016}.Debug|Any CPU.ActiveCfg = Debug|Any CPU
		{471E0ACC-98F4-4D24-9AD9-DAE5C2ACD016}.Debug|Any CPU.Build.0 = Debug|Any CPU
		{471E0ACC-98F4-4D24-9AD9-DAE5C2ACD016}.Release|Any CPU.ActiveCfg = Release|Any CPU
		{471E0ACC-98F4-4D24-9AD9-DAE5C2ACD016}.Release|Any CPU.Build.0 = Release|Any CPU
	EndGlobalSection
	GlobalSection(SolutionProperties) = preSolution
		HideSolutionNode = FALSE
	EndGlobalSection
EndGlobal
